
Microsoft Visual Studio Solution File, Format Version 12.00
# Visual Studio Version 17
VisualStudioVersion = 17.7.34031.279
MinimumVisualStudioVersion = 10.0.40219.1
Project("{9A19103F-16F7-4668-BE54-9A1E7A4F7556}") = "BombaAustra.Shared", "BombaAustra.Shared\BombaAustra.Shared.csproj", "{74A7984C-BCBB-4AC5-9E0E-B086A43264B2}"
EndProject
Project("{9A19103F-16F7-4668-BE54-9A1E7A4F7556}") = "BombaAustra.API", "BombaAustra.API\BombaAustra.API.csproj", "{6A883F07-6272-41A2-9F3B-EC9E2D80A75A}"
EndProject
Project("{9A19103F-16F7-4668-BE54-9A1E7A4F7556}") = "BombaAustra.WEB", "BombaAustra.WEB\BombaAustra.WEB.csproj", "{48002A72-CB54-4E7D-A69A-36F5E2B79A9E}"
EndProject
Project("{FAE04EC0-301F-11D3-BF4B-00C04F79EFBC}") = "BombaAustra.Movil", "BombaAustra.Movil\BombaAustra.Movil.csproj", "{996FDF03-0275-4BDE-8B4D-E760462BEB88}"
EndProject
Global
	GlobalSection(SolutionConfigurationPlatforms) = preSolution
		Debug|Any CPU = Debug|Any CPU
		Release|Any CPU = Release|Any CPU
	EndGlobalSection
	GlobalSection(ProjectConfigurationPlatforms) = postSolution
		{74A7984C-BCBB-4AC5-9E0E-B086A43264B2}.Debug|Any CPU.ActiveCfg = Debug|Any CPU
		{74A7984C-BCBB-4AC5-9E0E-B086A43264B2}.Debug|Any CPU.Build.0 = Debug|Any CPU
		{74A7984C-BCBB-4AC5-9E0E-B086A43264B2}.Release|Any CPU.ActiveCfg = Release|Any CPU
		{74A7984C-BCBB-4AC5-9E0E-B086A43264B2}.Release|Any CPU.Build.0 = Release|Any CPU
		{6A883F07-6272-41A2-9F3B-EC9E2D80A75A}.Debug|Any CPU.ActiveCfg = Debug|Any CPU
		{6A883F07-6272-41A2-9F3B-EC9E2D80A75A}.Debug|Any CPU.Build.0 = Debug|Any CPU
		{6A883F07-6272-41A2-9F3B-EC9E2D80A75A}.Release|Any CPU.ActiveCfg = Release|Any CPU
		{6A883F07-6272-41A2-9F3B-EC9E2D80A75A}.Release|Any CPU.Build.0 = Release|Any CPU
		{48002A72-CB54-4E7D-A69A-36F5E2B79A9E}.Debug|Any CPU.ActiveCfg = Debug|Any CPU
		{48002A72-CB54-4E7D-A69A-36F5E2B79A9E}.Debug|Any CPU.Build.0 = Debug|Any CPU
		{48002A72-CB54-4E7D-A69A-36F5E2B79A9E}.Release|Any CPU.ActiveCfg = Release|Any CPU
		{48002A72-CB54-4E7D-A69A-36F5E2B79A9E}.Release|Any CPU.Build.0 = Release|Any CPU
		{996FDF03-0275-4BDE-8B4D-E760462BEB88}.Debug|Any CPU.ActiveCfg = Debug|Any CPU
		{996FDF03-0275-4BDE-8B4D-E760462BEB88}.Debug|Any CPU.Build.0 = Debug|Any CPU
		{996FDF03-0275-4BDE-8B4D-E760462BEB88}.Debug|Any CPU.Deploy.0 = Debug|Any CPU
		{996FDF03-0275-4BDE-8B4D-E760462BEB88}.Release|Any CPU.ActiveCfg = Release|Any CPU
		{996FDF03-0275-4BDE-8B4D-E760462BEB88}.Release|Any CPU.Build.0 = Release|Any CPU
		{996FDF03-0275-4BDE-8B4D-E760462BEB88}.Release|Any CPU.Deploy.0 = Release|Any CPU
	EndGlobalSection
	GlobalSection(SolutionProperties) = preSolution
		HideSolutionNode = FALSE
	EndGlobalSection
	GlobalSection(ExtensibilityGlobals) = postSolution
		SolutionGuid = {3616A5ED-2885-4698-A6FE-603759912FF3}
	EndGlobalSection
EndGlobal
